
Microsoft Visual Studio Solution File, Format Version 12.00
# Visual Studio Version 17
VisualStudioVersion = 17.13.36105.23 d17.13
MinimumVisualStudioVersion = 10.0.40219.1
Project("{FAE04EC0-301F-11D3-BF4B-00C04F79EFBC}") = "Belabn", "Belabn.csproj", "{ABC6CC5B-0B96-4A88-9FBE-5627A623742A}"
EndProject
Global
	GlobalSection(SolutionConfigurationPlatforms) = preSolution
		Debug|Any CPU = Debug|Any CPU
		Release|Any CPU = Release|Any CPU
	EndGlobalSection
	GlobalSection(ProjectConfigurationPlatforms) = postSolution
		{ABC6CC5B-0B96-4A88-9FBE-5627A623742A}.Debug|Any CPU.ActiveCfg = Debug|Any CPU
		{ABC6CC5B-0B96-4A88-9FBE-5627A623742A}.Debug|Any CPU.Build.0 = Debug|Any CPU
		{ABC6CC5B-0B96-4A88-9FBE-5627A623742A}.Release|Any CPU.ActiveCfg = Release|Any CPU
		{ABC6CC5B-0B96-4A88-9FBE-5627A623742A}.Release|Any CPU.Build.0 = Release|Any CPU
	EndGlobalSection
	GlobalSection(SolutionProperties) = preSolution
		HideSolutionNode = FALSE
	EndGlobalSection
	GlobalSection(ExtensibilityGlobals) = postSolution
		SolutionGuid = {D7C7E571-DB9F-4C3C-AC48-84D5C4A0501C}
	EndGlobalSection
EndGlobal
